// !$*UTF8*$!
{
	archiveVersion = 1;
	classes = {
	};
	objectVersion = 51;
	objects = {

/* Begin PBXBuildFile section */
		687D8FD2BB77A74BBCE995FB /* Pods_SwiftIntroApp.framework in Frameworks */ = {isa = PBXBuildFile; fileRef = 67DECA45EAAD94A6EE156057 /* Pods_SwiftIntroApp.framework */; };
		AC8A9A0323A458D400FAB8C7 /* LoginMovieViewController.swift in Sources */ = {isa = PBXBuildFile; fileRef = AC8A9A0223A458D400FAB8C7 /* LoginMovieViewController.swift */; };
		AC8A9A0523A45C3F00FAB8C7 /* start.mov in Resources */ = {isa = PBXBuildFile; fileRef = AC8A9A0423A45C3F00FAB8C7 /* start.mov */; };
		AC8A9A0723A45CD000FAB8C7 /* BaseViewController.swift in Sources */ = {isa = PBXBuildFile; fileRef = AC8A9A0623A45CD000FAB8C7 /* BaseViewController.swift */; };
		AC8A9A0923A47C9A00FAB8C7 /* Page1ViewController.swift in Sources */ = {isa = PBXBuildFile; fileRef = AC8A9A0823A47C9A00FAB8C7 /* Page1ViewController.swift */; };
		AC8A9A0B23A4802700FAB8C7 /* NewsItems.swift in Sources */ = {isa = PBXBuildFile; fileRef = AC8A9A0A23A4802700FAB8C7 /* NewsItems.swift */; };
		AC8A9A0D23A48F9E00FAB8C7 /* WebViewController.swift in Sources */ = {isa = PBXBuildFile; fileRef = AC8A9A0C23A48F9E00FAB8C7 /* WebViewController.swift */; };
		AC8A9A0F23A491F700FAB8C7 /* Page2ViewController.swift in Sources */ = {isa = PBXBuildFile; fileRef = AC8A9A0E23A491F700FAB8C7 /* Page2ViewController.swift */; };
		AC8A9A1123A4923E00FAB8C7 /* Page3ViewController.swift in Sources */ = {isa = PBXBuildFile; fileRef = AC8A9A1023A4923E00FAB8C7 /* Page3ViewController.swift */; };
		AC8A9A1323A4925B00FAB8C7 /* Page4ViewController.swift in Sources */ = {isa = PBXBuildFile; fileRef = AC8A9A1223A4925B00FAB8C7 /* Page4ViewController.swift */; };
		AC8A9A1523A4927900FAB8C7 /* Page5ViewController.swift in Sources */ = {isa = PBXBuildFile; fileRef = AC8A9A1423A4927900FAB8C7 /* Page5ViewController.swift */; };
		AC8A9A1723A4929000FAB8C7 /* Page6ViewController.swift in Sources */ = {isa = PBXBuildFile; fileRef = AC8A9A1623A4929000FAB8C7 /* Page6ViewController.swift */; };
		ACCB04C423A3D5010042ADB5 /* AppDelegate.swift in Sources */ = {isa = PBXBuildFile; fileRef = ACCB04C323A3D5010042ADB5 /* AppDelegate.swift */; };
		ACCB04C623A3D5010042ADB5 /* SceneDelegate.swift in Sources */ = {isa = PBXBuildFile; fileRef = ACCB04C523A3D5010042ADB5 /* SceneDelegate.swift */; };
		ACCB04C823A3D5010042ADB5 /* ViewController.swift in Sources */ = {isa = PBXBuildFile; fileRef = ACCB04C723A3D5010042ADB5 /* ViewController.swift */; };
		ACCB04CB23A3D5010042ADB5 /* Main.storyboard in Resources */ = {isa = PBXBuildFile; fileRef = ACCB04C923A3D5010042ADB5 /* Main.storyboard */; };
		ACCB04CD23A3D5030042ADB5 /* Assets.xcassets in Resources */ = {isa = PBXBuildFile; fileRef = ACCB04CC23A3D5030042ADB5 /* Assets.xcassets */; };
		ACCB04D023A3D5030042ADB5 /* LaunchScreen.storyboard in Resources */ = {isa = PBXBuildFile; fileRef = ACCB04CE23A3D5030042ADB5 /* LaunchScreen.storyboard */; };
		ACCB04E023A3D8D00042ADB5 /* 1.json in Resources */ = {isa = PBXBuildFile; fileRef = ACCB04DA23A3D8CF0042ADB5 /* 1.json */; };
		ACCB04E223A3D8D00042ADB5 /* 5.json in Resources */ = {isa = PBXBuildFile; fileRef = ACCB04DC23A3D8D00042ADB5 /* 5.json */; };
		ACCB04E323A3D8D00042ADB5 /* 2.json in Resources */ = {isa = PBXBuildFile; fileRef = ACCB04DD23A3D8D00042ADB5 /* 2.json */; };
		ACCB04E423A3D8D00042ADB5 /* 3.json in Resources */ = {isa = PBXBuildFile; fileRef = ACCB04DE23A3D8D00042ADB5 /* 3.json */; };
		ACCB04E523A3D8D00042ADB5 /* 4.json in Resources */ = {isa = PBXBuildFile; fileRef = ACCB04DF23A3D8D00042ADB5 /* 4.json */; };
/* End PBXBuildFile section */

/* Begin PBXFileReference section */
		67DECA45EAAD94A6EE156057 /* Pods_SwiftIntroApp.framework */ = {isa = PBXFileReference; explicitFileType = wrapper.framework; includeInIndex = 0; path = Pods_SwiftIntroApp.framework; sourceTree = BUILT_PRODUCTS_DIR; };
		AC8A9A0223A458D400FAB8C7 /* LoginMovieViewController.swift */ = {isa = PBXFileReference; lastKnownFileType = sourcecode.swift; path = LoginMovieViewController.swift; sourceTree = "<group>"; };
		AC8A9A0423A45C3F00FAB8C7 /* start.mov */ = {isa = PBXFileReference; lastKnownFileType = video.quicktime; name = start.mov; path = ../../Udemy/Resources/iOS13AppImages/Swift5NewsXMLImagesAndJsons/start.mov; sourceTree = "<group>"; };
		AC8A9A0623A45CD000FAB8C7 /* BaseViewController.swift */ = {isa = PBXFileReference; lastKnownFileType = sourcecode.swift; path = BaseViewController.swift; sourceTree = "<group>"; };
		AC8A9A0823A47C9A00FAB8C7 /* Page1ViewController.swift */ = {isa = PBXFileReference; lastKnownFileType = sourcecode.swift; path = Page1ViewController.swift; sourceTree = "<group>"; };
		AC8A9A0A23A4802700FAB8C7 /* NewsItems.swift */ = {isa = PBXFileReference; lastKnownFileType = sourcecode.swift; path = NewsItems.swift; sourceTree = "<group>"; };
		AC8A9A0C23A48F9E00FAB8C7 /* WebViewController.swift */ = {isa = PBXFileReference; lastKnownFileType = sourcecode.swift; path = WebViewController.swift; sourceTree = "<group>"; };
		AC8A9A0E23A491F700FAB8C7 /* Page2ViewController.swift */ = {isa = PBXFileReference; lastKnownFileType = sourcecode.swift; path = Page2ViewController.swift; sourceTree = "<group>"; };
		AC8A9A1023A4923E00FAB8C7 /* Page3ViewController.swift */ = {isa = PBXFileReference; lastKnownFileType = sourcecode.swift; path = Page3ViewController.swift; sourceTree = "<group>"; };
		AC8A9A1223A4925B00FAB8C7 /* Page4ViewController.swift */ = {isa = PBXFileReference; lastKnownFileType = sourcecode.swift; path = Page4ViewController.swift; sourceTree = "<group>"; };
		AC8A9A1423A4927900FAB8C7 /* Page5ViewController.swift */ = {isa = PBXFileReference; lastKnownFileType = sourcecode.swift; path = Page5ViewController.swift; sourceTree = "<group>"; };
		AC8A9A1623A4929000FAB8C7 /* Page6ViewController.swift */ = {isa = PBXFileReference; lastKnownFileType = sourcecode.swift; path = Page6ViewController.swift; sourceTree = "<group>"; };
		ACCB04C023A3D5010042ADB5 /* SwiftIntroApp.app */ = {isa = PBXFileReference; explicitFileType = wrapper.application; includeInIndex = 0; path = SwiftIntroApp.app; sourceTree = BUILT_PRODUCTS_DIR; };
		ACCB04C323A3D5010042ADB5 /* AppDelegate.swift */ = {isa = PBXFileReference; lastKnownFileType = sourcecode.swift; path = AppDelegate.swift; sourceTree = "<group>"; };
		ACCB04C523A3D5010042ADB5 /* SceneDelegate.swift */ = {isa = PBXFileReference; lastKnownFileType = sourcecode.swift; path = SceneDelegate.swift; sourceTree = "<group>"; };
		ACCB04C723A3D5010042ADB5 /* ViewController.swift */ = {isa = PBXFileReference; lastKnownFileType = sourcecode.swift; path = ViewController.swift; sourceTree = "<group>"; };
		ACCB04CA23A3D5010042ADB5 /* Base */ = {isa = PBXFileReference; lastKnownFileType = file.storyboard; name = Base; path = Base.lproj/Main.storyboard; sourceTree = "<group>"; };
		ACCB04CC23A3D5030042ADB5 /* Assets.xcassets */ = {isa = PBXFileReference; lastKnownFileType = folder.assetcatalog; path = Assets.xcassets; sourceTree = "<group>"; };
		ACCB04CF23A3D5030042ADB5 /* Base */ = {isa = PBXFileReference; lastKnownFileType = file.storyboard; name = Base; path = Base.lproj/LaunchScreen.storyboard; sourceTree = "<group>"; };
		ACCB04D123A3D5030042ADB5 /* Info.plist */ = {isa = PBXFileReference; lastKnownFileType = text.plist.xml; path = Info.plist; sourceTree = "<group>"; };
		ACCB04DA23A3D8CF0042ADB5 /* 1.json */ = {isa = PBXFileReference; fileEncoding = 4; lastKnownFileType = text.json; path = 1.json; sourceTree = "<group>"; };
		ACCB04DC23A3D8D00042ADB5 /* 5.json */ = {isa = PBXFileReference; fileEncoding = 4; lastKnownFileType = text.json; path = 5.json; sourceTree = "<group>"; };
		ACCB04DD23A3D8D00042ADB5 /* 2.json */ = {isa = PBXFileReference; fileEncoding = 4; lastKnownFileType = text.json; path = 2.json; sourceTree = "<group>"; };
		ACCB04DE23A3D8D00042ADB5 /* 3.json */ = {isa = PBXFileReference; fileEncoding = 4; lastKnownFileType = text.json; path = 3.json; sourceTree = "<group>"; };
		ACCB04DF23A3D8D00042ADB5 /* 4.json */ = {isa = PBXFileReference; fileEncoding = 4; lastKnownFileType = text.json; path = 4.json; sourceTree = "<group>"; };
		C60AF1949BA5E1034ACA4D6C /* Pods-SwiftIntroApp.release.xcconfig */ = {isa = PBXFileReference; includeInIndex = 1; lastKnownFileType = text.xcconfig; name = "Pods-SwiftIntroApp.release.xcconfig"; path = "Target Support Files/Pods-SwiftIntroApp/Pods-SwiftIntroApp.release.xcconfig"; sourceTree = "<group>"; };
		DDDD38FC3A004F186F887F18 /* Pods-SwiftIntroApp.debug.xcconfig */ = {isa = PBXFileReference; includeInIndex = 1; lastKnownFileType = text.xcconfig; name = "Pods-SwiftIntroApp.debug.xcconfig"; path = "Target Support Files/Pods-SwiftIntroApp/Pods-SwiftIntroApp.debug.xcconfig"; sourceTree = "<group>"; };
/* End PBXFileReference section */

/* Begin PBXFrameworksBuildPhase section */
		ACCB04BD23A3D5010042ADB5 /* Frameworks */ = {
			isa = PBXFrameworksBuildPhase;
			buildActionMask = 2147483647;
			files = (
				687D8FD2BB77A74BBCE995FB /* Pods_SwiftIntroApp.framework in Frameworks */,
			);
			runOnlyForDeploymentPostprocessing = 0;
		};
/* End PBXFrameworksBuildPhase section */

/* Begin PBXGroup section */
		ACCB04B723A3D5010042ADB5 = {
			isa = PBXGroup;
			children = (
				ACCB04C223A3D5010042ADB5 /* SwiftIntroApp */,
				ACCB04C123A3D5010042ADB5 /* Products */,
				EFAD693B1DF227DEF4E2AA23 /* Pods */,
				D2463A13E83715885B95609E /* Frameworks */,
			);
			sourceTree = "<group>";
		};
		ACCB04C123A3D5010042ADB5 /* Products */ = {
			isa = PBXGroup;
			children = (
				ACCB04C023A3D5010042ADB5 /* SwiftIntroApp.app */,
			);
			name = Products;
			sourceTree = "<group>";
		};
		ACCB04C223A3D5010042ADB5 /* SwiftIntroApp */ = {
			isa = PBXGroup;
			children = (
				ACCB04D823A3D7B50042ADB5 /* Model */,
				ACCB04D723A3D7AD0042ADB5 /* View */,
				ACCB04D923A3D7BB0042ADB5 /* Controller */,
				ACCB04D123A3D5030042ADB5 /* Info.plist */,
				ACCB04DA23A3D8CF0042ADB5 /* 1.json */,
				ACCB04DD23A3D8D00042ADB5 /* 2.json */,
				ACCB04DE23A3D8D00042ADB5 /* 3.json */,
				ACCB04DF23A3D8D00042ADB5 /* 4.json */,
				ACCB04DC23A3D8D00042ADB5 /* 5.json */,
				AC8A9A0423A45C3F00FAB8C7 /* start.mov */,
			);
			path = SwiftIntroApp;
			sourceTree = "<group>";
		};
		ACCB04D723A3D7AD0042ADB5 /* View */ = {
			isa = PBXGroup;
			children = (
				ACCB04C923A3D5010042ADB5 /* Main.storyboard */,
				ACCB04CC23A3D5030042ADB5 /* Assets.xcassets */,
				ACCB04CE23A3D5030042ADB5 /* LaunchScreen.storyboard */,
			);
			path = View;
			sourceTree = "<group>";
		};
		ACCB04D823A3D7B50042ADB5 /* Model */ = {
			isa = PBXGroup;
			children = (
				AC8A9A0A23A4802700FAB8C7 /* NewsItems.swift */,
			);
			path = Model;
			sourceTree = "<group>";
		};
		ACCB04D923A3D7BB0042ADB5 /* Controller */ = {
			isa = PBXGroup;
			children = (
				ACCB04C323A3D5010042ADB5 /* AppDelegate.swift */,
				ACCB04C523A3D5010042ADB5 /* SceneDelegate.swift */,
				ACCB04C723A3D5010042ADB5 /* ViewController.swift */,
				AC8A9A0223A458D400FAB8C7 /* LoginMovieViewController.swift */,
				AC8A9A0623A45CD000FAB8C7 /* BaseViewController.swift */,
				AC8A9A0823A47C9A00FAB8C7 /* Page1ViewController.swift */,
				AC8A9A0E23A491F700FAB8C7 /* Page2ViewController.swift */,
				AC8A9A1023A4923E00FAB8C7 /* Page3ViewController.swift */,
				AC8A9A1223A4925B00FAB8C7 /* Page4ViewController.swift */,
				AC8A9A1423A4927900FAB8C7 /* Page5ViewController.swift */,
				AC8A9A1623A4929000FAB8C7 /* Page6ViewController.swift */,
				AC8A9A0C23A48F9E00FAB8C7 /* WebViewController.swift */,
			);
			path = Controller;
			sourceTree = "<group>";
		};
		D2463A13E83715885B95609E /* Frameworks */ = {
			isa = PBXGroup;
			children = (
				67DECA45EAAD94A6EE156057 /* Pods_SwiftIntroApp.framework */,
			);
			name = Frameworks;
			sourceTree = "<group>";
		};
		EFAD693B1DF227DEF4E2AA23 /* Pods */ = {
			isa = PBXGroup;
			children = (
				DDDD38FC3A004F186F887F18 /* Pods-SwiftIntroApp.debug.xcconfig */,
				C60AF1949BA5E1034ACA4D6C /* Pods-SwiftIntroApp.release.xcconfig */,
			);
			path = Pods;
			sourceTree = "<group>";
		};
/* End PBXGroup section */

/* Begin PBXNativeTarget section */
		ACCB04BF23A3D5010042ADB5 /* SwiftIntroApp */ = {
			isa = PBXNativeTarget;
			buildConfigurationList = ACCB04D423A3D5030042ADB5 /* Build configuration list for PBXNativeTarget "SwiftIntroApp" */;
			buildPhases = (
				F62DDE9AB9249F939BAD3D95 /* [CP] Check Pods Manifest.lock */,
				ACCB04BC23A3D5010042ADB5 /* Sources */,
				ACCB04BD23A3D5010042ADB5 /* Frameworks */,
				ACCB04BE23A3D5010042ADB5 /* Resources */,
				20B1C63D903446AD30CEE6DC /* [CP] Embed Pods Frameworks */,
			);
			buildRules = (
			);
			dependencies = (
			);
			name = SwiftIntroApp;
			productName = SwiftIntroApp;
			productReference = ACCB04C023A3D5010042ADB5 /* SwiftIntroApp.app */;
			productType = "com.apple.product-type.application";
		};
/* End PBXNativeTarget section */

/* Begin PBXProject section */
		ACCB04B823A3D5010042ADB5 /* Project object */ = {
			isa = PBXProject;
			attributes = {
				LastSwiftUpdateCheck = 1120;
				LastUpgradeCheck = 1120;
				ORGANIZATIONNAME = "岩男高史";
				TargetAttributes = {
					ACCB04BF23A3D5010042ADB5 = {
						CreatedOnToolsVersion = 11.2.1;
					};
				};
			};
			buildConfigurationList = ACCB04BB23A3D5010042ADB5 /* Build configuration list for PBXProject "SwiftIntroApp" */;
			compatibilityVersion = "Xcode 9.3";
			developmentRegion = en;
			hasScannedForEncodings = 0;
			knownRegions = (
				en,
				Base,
			);
			mainGroup = ACCB04B723A3D5010042ADB5;
			productRefGroup = ACCB04C123A3D5010042ADB5 /* Products */;
			projectDirPath = "";
			projectRoot = "";
			targets = (
				ACCB04BF23A3D5010042ADB5 /* SwiftIntroApp */,
			);
		};
/* End PBXProject section */

/* Begin PBXResourcesBuildPhase section */
		ACCB04BE23A3D5010042ADB5 /* Resources */ = {
			isa = PBXResourcesBuildPhase;
			buildActionMask = 2147483647;
			files = (
				ACCB04E523A3D8D00042ADB5 /* 4.json in Resources */,
				AC8A9A0523A45C3F00FAB8C7 /* start.mov in Resources */,
				ACCB04E423A3D8D00042ADB5 /* 3.json in Resources */,
				ACCB04D023A3D5030042ADB5 /* LaunchScreen.storyboard in Resources */,
				ACCB04CD23A3D5030042ADB5 /* Assets.xcassets in Resources */,
				ACCB04CB23A3D5010042ADB5 /* Main.storyboard in Resources */,
				ACCB04E323A3D8D00042ADB5 /* 2.json in Resources */,
				ACCB04E023A3D8D00042ADB5 /* 1.json in Resources */,
				ACCB04E223A3D8D00042ADB5 /* 5.json in Resources */,
			);
			runOnlyForDeploymentPostprocessing = 0;
		};
/* End PBXResourcesBuildPhase section */

/* Begin PBXShellScriptBuildPhase section */
		20B1C63D903446AD30CEE6DC /* [CP] Embed Pods Frameworks */ = {
			isa = PBXShellScriptBuildPhase;
			buildActionMask = 2147483647;
			files = (
			);
			inputFileListPaths = (
				"${PODS_ROOT}/Target Support Files/Pods-SwiftIntroApp/Pods-SwiftIntroApp-frameworks-${CONFIGURATION}-input-files.xcfilelist",
			);
			name = "[CP] Embed Pods Frameworks";
			outputFileListPaths = (
				"${PODS_ROOT}/Target Support Files/Pods-SwiftIntroApp/Pods-SwiftIntroApp-frameworks-${CONFIGURATION}-output-files.xcfilelist",
			);
			runOnlyForDeploymentPostprocessing = 0;
			shellPath = /bin/sh;
			shellScript = "\"${PODS_ROOT}/Target Support Files/Pods-SwiftIntroApp/Pods-SwiftIntroApp-frameworks.sh\"\n";
			showEnvVarsInLog = 0;
		};
		F62DDE9AB9249F939BAD3D95 /* [CP] Check Pods Manifest.lock */ = {
			isa = PBXShellScriptBuildPhase;
			buildActionMask = 2147483647;
			files = (
			);
			inputFileListPaths = (
			);
			inputPaths = (
				"${PODS_PODFILE_DIR_PATH}/Podfile.lock",
				"${PODS_ROOT}/Manifest.lock",
			);
			name = "[CP] Check Pods Manifest.lock";
			outputFileListPaths = (
			);
			outputPaths = (
				"$(DERIVED_FILE_DIR)/Pods-SwiftIntroApp-checkManifestLockResult.txt",
			);
			runOnlyForDeploymentPostprocessing = 0;
			shellPath = /bin/sh;
			shellScript = "diff \"${PODS_PODFILE_DIR_PATH}/Podfile.lock\" \"${PODS_ROOT}/Manifest.lock\" > /dev/null\nif [ $? != 0 ] ; then\n    # print error to STDERR\n    echo \"error: The sandbox is not in sync with the Podfile.lock. Run 'pod install' or update your CocoaPods installation.\" >&2\n    exit 1\nfi\n# This output is used by Xcode 'outputs' to avoid re-running this script phase.\necho \"SUCCESS\" > \"${SCRIPT_OUTPUT_FILE_0}\"\n";
			showEnvVarsInLog = 0;
		};
/* End PBXShellScriptBuildPhase section */

/* Begin PBXSourcesBuildPhase section */
		ACCB04BC23A3D5010042ADB5 /* Sources */ = {
			isa = PBXSourcesBuildPhase;
			buildActionMask = 2147483647;
			files = (
				AC8A9A0723A45CD000FAB8C7 /* BaseViewController.swift in Sources */,
				AC8A9A0B23A4802700FAB8C7 /* NewsItems.swift in Sources */,
				ACCB04C823A3D5010042ADB5 /* ViewController.swift in Sources */,
				AC8A9A1123A4923E00FAB8C7 /* Page3ViewController.swift in Sources */,
				AC8A9A0323A458D400FAB8C7 /* LoginMovieViewController.swift in Sources */,
				AC8A9A1523A4927900FAB8C7 /* Page5ViewController.swift in Sources */,
				AC8A9A0F23A491F700FAB8C7 /* Page2ViewController.swift in Sources */,
				AC8A9A0923A47C9A00FAB8C7 /* Page1ViewController.swift in Sources */,
				ACCB04C423A3D5010042ADB5 /* AppDelegate.swift in Sources */,
				AC8A9A1323A4925B00FAB8C7 /* Page4ViewController.swift in Sources */,
				AC8A9A1723A4929000FAB8C7 /* Page6ViewController.swift in Sources */,
				ACCB04C623A3D5010042ADB5 /* SceneDelegate.swift in Sources */,
				AC8A9A0D23A48F9E00FAB8C7 /* WebViewController.swift in Sources */,
			);
			runOnlyForDeploymentPostprocessing = 0;
		};
/* End PBXSourcesBuildPhase section */

/* Begin PBXVariantGroup section */
		ACCB04C923A3D5010042ADB5 /* Main.storyboard */ = {
			isa = PBXVariantGroup;
			children = (
				ACCB04CA23A3D5010042ADB5 /* Base */,
			);
			name = Main.storyboard;
			sourceTree = "<group>";
		};
		ACCB04CE23A3D5030042ADB5 /* LaunchScreen.storyboard */ = {
			isa = PBXVariantGroup;
			children = (
				ACCB04CF23A3D5030042ADB5 /* Base */,
			);
			name = LaunchScreen.storyboard;
			sourceTree = "<group>";
		};
/* End PBXVariantGroup section */

/* Begin XCBuildConfiguration section */
		ACCB04D223A3D5030042ADB5 /* Debug */ = {
			isa = XCBuildConfiguration;
			buildSettings = {
				ALWAYS_SEARCH_USER_PATHS = NO;
				CLANG_ANALYZER_NONNULL = YES;
				CLANG_ANALYZER_NUMBER_OBJECT_CONVERSION = YES_AGGRESSIVE;
				CLANG_CXX_LANGUAGE_STANDARD = "gnu++14";
				CLANG_CXX_LIBRARY = "libc++";
				CLANG_ENABLE_MODULES = YES;
				CLANG_ENABLE_OBJC_ARC = YES;
				CLANG_ENABLE_OBJC_WEAK = YES;
				CLANG_WARN_BLOCK_CAPTURE_AUTORELEASING = YES;
				CLANG_WARN_BOOL_CONVERSION = YES;
				CLANG_WARN_COMMA = YES;
				CLANG_WARN_CONSTANT_CONVERSION = YES;
				CLANG_WARN_DEPRECATED_OBJC_IMPLEMENTATIONS = YES;
				CLANG_WARN_DIRECT_OBJC_ISA_USAGE = YES_ERROR;
				CLANG_WARN_DOCUMENTATION_COMMENTS = YES;
				CLANG_WARN_EMPTY_BODY = YES;
				CLANG_WARN_ENUM_CONVERSION = YES;
				CLANG_WARN_INFINITE_RECURSION = YES;
				CLANG_WARN_INT_CONVERSION = YES;
				CLANG_WARN_NON_LITERAL_NULL_CONVERSION = YES;
				CLANG_WARN_OBJC_IMPLICIT_RETAIN_SELF = YES;
				CLANG_WARN_OBJC_LITERAL_CONVERSION = YES;
				CLANG_WARN_OBJC_ROOT_CLASS = YES_ERROR;
				CLANG_WARN_RANGE_LOOP_ANALYSIS = YES;
				CLANG_WARN_STRICT_PROTOTYPES = YES;
				CLANG_WARN_SUSPICIOUS_MOVE = YES;
				CLANG_WARN_UNGUARDED_AVAILABILITY = YES_AGGRESSIVE;
				CLANG_WARN_UNREACHABLE_CODE = YES;
				CLANG_WARN__DUPLICATE_METHOD_MATCH = YES;
				COPY_PHASE_STRIP = NO;
				DEBUG_INFORMATION_FORMAT = dwarf;
				ENABLE_STRICT_OBJC_MSGSEND = YES;
				ENABLE_TESTABILITY = YES;
				GCC_C_LANGUAGE_STANDARD = gnu11;
				GCC_DYNAMIC_NO_PIC = NO;
				GCC_NO_COMMON_BLOCKS = YES;
				GCC_OPTIMIZATION_LEVEL = 0;
				GCC_PREPROCESSOR_DEFINITIONS = (
					"DEBUG=1",
					"$(inherited)",
				);
				GCC_WARN_64_TO_32_BIT_CONVERSION = YES;
				GCC_WARN_ABOUT_RETURN_TYPE = YES_ERROR;
				GCC_WARN_UNDECLARED_SELECTOR = YES;
				GCC_WARN_UNINITIALIZED_AUTOS = YES_AGGRESSIVE;
				GCC_WARN_UNUSED_FUNCTION = YES;
				GCC_WARN_UNUSED_VARIABLE = YES;
				IPHONEOS_DEPLOYMENT_TARGET = 13.2;
				MTL_ENABLE_DEBUG_INFO = INCLUDE_SOURCE;
				MTL_FAST_MATH = YES;
				ONLY_ACTIVE_ARCH = YES;
				SDKROOT = iphoneos;
				SWIFT_ACTIVE_COMPILATION_CONDITIONS = DEBUG;
				SWIFT_OPTIMIZATION_LEVEL = "-Onone";
			};
			name = Debug;
		};
		ACCB04D323A3D5030042ADB5 /* Release */ = {
			isa = XCBuildConfiguration;
			buildSettings = {
				ALWAYS_SEARCH_USER_PATHS = NO;
				CLANG_ANALYZER_NONNULL = YES;
				CLANG_ANALYZER_NUMBER_OBJECT_CONVERSION = YES_AGGRESSIVE;
				CLANG_CXX_LANGUAGE_STANDARD = "gnu++14";
				CLANG_CXX_LIBRARY = "libc++";
				CLANG_ENABLE_MODULES = YES;
				CLANG_ENABLE_OBJC_ARC = YES;
				CLANG_ENABLE_OBJC_WEAK = YES;
				CLANG_WARN_BLOCK_CAPTURE_AUTORELEASING = YES;
				CLANG_WARN_BOOL_CONVERSION = YES;
				CLANG_WARN_COMMA = YES;
				CLANG_WARN_CONSTANT_CONVERSION = YES;
				CLANG_WARN_DEPRECATED_OBJC_IMPLEMENTATIONS = YES;
				CLANG_WARN_DIRECT_OBJC_ISA_USAGE = YES_ERROR;
				CLANG_WARN_DOCUMENTATION_COMMENTS = YES;
				CLANG_WARN_EMPTY_BODY = YES;
				CLANG_WARN_ENUM_CONVERSION = YES;
				CLANG_WARN_INFINITE_RECURSION = YES;
				CLANG_WARN_INT_CONVERSION = YES;
				CLANG_WARN_NON_LITERAL_NULL_CONVERSION = YES;
				CLANG_WARN_OBJC_IMPLICIT_RETAIN_SELF = YES;
				CLANG_WARN_OBJC_LITERAL_CONVERSION = YES;
				CLANG_WARN_OBJC_ROOT_CLASS = YES_ERROR;
				CLANG_WARN_RANGE_LOOP_ANALYSIS = YES;
				CLANG_WARN_STRICT_PROTOTYPES = YES;
				CLANG_WARN_SUSPICIOUS_MOVE = YES;
				CLANG_WARN_UNGUARDED_AVAILABILITY = YES_AGGRESSIVE;
				CLANG_WARN_UNREACHABLE_CODE = YES;
				CLANG_WARN__DUPLICATE_METHOD_MATCH = YES;
				COPY_PHASE_STRIP = NO;
				DEBUG_INFORMATION_FORMAT = "dwarf-with-dsym";
				ENABLE_NS_ASSERTIONS = NO;
				ENABLE_STRICT_OBJC_MSGSEND = YES;
				GCC_C_LANGUAGE_STANDARD = gnu11;
				GCC_NO_COMMON_BLOCKS = YES;
				GCC_WARN_64_TO_32_BIT_CONVERSION = YES;
				GCC_WARN_ABOUT_RETURN_TYPE = YES_ERROR;
				GCC_WARN_UNDECLARED_SELECTOR = YES;
				GCC_WARN_UNINITIALIZED_AUTOS = YES_AGGRESSIVE;
				GCC_WARN_UNUSED_FUNCTION = YES;
				GCC_WARN_UNUSED_VARIABLE = YES;
				IPHONEOS_DEPLOYMENT_TARGET = 13.2;
				MTL_ENABLE_DEBUG_INFO = NO;
				MTL_FAST_MATH = YES;
				SDKROOT = iphoneos;
				SWIFT_COMPILATION_MODE = wholemodule;
				SWIFT_OPTIMIZATION_LEVEL = "-O";
				VALIDATE_PRODUCT = YES;
			};
			name = Release;
		};
		ACCB04D523A3D5030042ADB5 /* Debug */ = {
			isa = XCBuildConfiguration;
			baseConfigurationReference = DDDD38FC3A004F186F887F18 /* Pods-SwiftIntroApp.debug.xcconfig */;
			buildSettings = {
				ASSETCATALOG_COMPILER_APPICON_NAME = AppIcon;
				CODE_SIGN_STYLE = Automatic;
				DEVELOPMENT_TEAM = 6P6T78SAL9;
				INFOPLIST_FILE = SwiftIntroApp/Info.plist;
				LD_RUNPATH_SEARCH_PATHS = (
					"$(inherited)",
					"@executable_path/Frameworks",
				);
				PRODUCT_BUNDLE_IDENTIFIER = ios.SwiftIntroApp;
				PRODUCT_NAME = "$(TARGET_NAME)";
				SWIFT_VERSION = 5.0;
				TARGETED_DEVICE_FAMILY = "1,2";
			};
			name = Debug;
		};
		ACCB04D623A3D5030042ADB5 /* Release */ = {
			isa = XCBuildConfiguration;
			baseConfigurationReference = C60AF1949BA5E1034ACA4D6C /* Pods-SwiftIntroApp.release.xcconfig */;
			buildSettings = {
				ASSETCATALOG_COMPILER_APPICON_NAME = AppIcon;
				CODE_SIGN_STYLE = Automatic;
				DEVELOPMENT_TEAM = 6P6T78SAL9;
				INFOPLIST_FILE = SwiftIntroApp/Info.plist;
				LD_RUNPATH_SEARCH_PATHS = (
					"$(inherited)",
					"@executable_path/Frameworks",
				);
				PRODUCT_BUNDLE_IDENTIFIER = ios.SwiftIntroApp;
				PRODUCT_NAME = "$(TARGET_NAME)";
				SWIFT_VERSION = 5.0;
				TARGETED_DEVICE_FAMILY = "1,2";
			};
			name = Release;
		};
/* End XCBuildConfiguration section */

/* Begin XCConfigurationList section */
		ACCB04BB23A3D5010042ADB5 /* Build configuration list for PBXProject "SwiftIntroApp" */ = {
			isa = XCConfigurationList;
			buildConfigurations = (
				ACCB04D223A3D5030042ADB5 /* Debug */,
				ACCB04D323A3D5030042ADB5 /* Release */,
			);
			defaultConfigurationIsVisible = 0;
			defaultConfigurationName = Release;
		};
		ACCB04D423A3D5030042ADB5 /* Build configuration list for PBXNativeTarget "SwiftIntroApp" */ = {
			isa = XCConfigurationList;
			buildConfigurations = (
				ACCB04D523A3D5030042ADB5 /* Debug */,
				ACCB04D623A3D5030042ADB5 /* Release */,
			);
			defaultConfigurationIsVisible = 0;
			defaultConfigurationName = Release;
		};
/* End XCConfigurationList section */
	};
	rootObject = ACCB04B823A3D5010042ADB5 /* Project object */;
}
